
Microsoft Visual Studio Solution File, Format Version 12.00
# Visual Studio Version 16
VisualStudioVersion = 16.0.30406.217
MinimumVisualStudioVersion = 10.0.40219.1
Project("{FAE04EC0-301F-11D3-BF4B-00C04F79EFBC}") = "e4_ContactsProject", "e4_ContactsProject.csproj", "{F20E4D6F-4839-4A4A-A745-0798A4787C3E}"
EndProject
Global
	GlobalSection(SolutionConfigurationPlatforms) = preSolution
		Debug|Any CPU = Debug|Any CPU
		Release|Any CPU = Release|Any CPU
	EndGlobalSection
	GlobalSection(ProjectConfigurationPlatforms) = postSolution
		{F20E4D6F-4839-4A4A-A745-0798A4787C3E}.Debug|Any CPU.ActiveCfg = Debug|Any CPU
		{F20E4D6F-4839-4A4A-A745-0798A4787C3E}.Debug|Any CPU.Build.0 = Debug|Any CPU
		{F20E4D6F-4839-4A4A-A745-0798A4787C3E}.Release|Any CPU.ActiveCfg = Release|Any CPU
		{F20E4D6F-4839-4A4A-A745-0798A4787C3E}.Release|Any CPU.Build.0 = Release|Any CPU
	EndGlobalSection
	GlobalSection(SolutionProperties) = preSolution
		HideSolutionNode = FALSE
	EndGlobalSection
	GlobalSection(ExtensibilityGlobals) = postSolution
		SolutionGuid = {44295A61-F054-4371-99A8-8085A1FA1692}
	EndGlobalSection
EndGlobal
